// !$*UTF8*$!
{
	archiveVersion = 1;
	classes = {
	};
	objectVersion = 51;
	objects = {

/* Begin PBXBuildFile section */
		1CE069B41E8232C171BE9C1D /* Pods_LetsGoal.framework in Frameworks */ = {isa = PBXBuildFile; fileRef = 8AA139DCC2A11C4D0851876D /* Pods_LetsGoal.framework */; };
		3CB8E7F92740A213002D66C0 /* AppDelegate.swift in Sources */ = {isa = PBXBuildFile; fileRef = 3CB8E7F82740A213002D66C0 /* AppDelegate.swift */; };
		3CB8E7FB2740A213002D66C0 /* SceneDelegate.swift in Sources */ = {isa = PBXBuildFile; fileRef = 3CB8E7FA2740A213002D66C0 /* SceneDelegate.swift */; };
		3CB8E7FD2740A213002D66C0 /* ViewController.swift in Sources */ = {isa = PBXBuildFile; fileRef = 3CB8E7FC2740A213002D66C0 /* ViewController.swift */; };
		3CB8E8002740A213002D66C0 /* Main.storyboard in Resources */ = {isa = PBXBuildFile; fileRef = 3CB8E7FE2740A213002D66C0 /* Main.storyboard */; };
		3CB8E8022740A213002D66C0 /* Assets.xcassets in Resources */ = {isa = PBXBuildFile; fileRef = 3CB8E8012740A213002D66C0 /* Assets.xcassets */; };
		3CB8E8052740A213002D66C0 /* LaunchScreen.storyboard in Resources */ = {isa = PBXBuildFile; fileRef = 3CB8E8032740A213002D66C0 /* LaunchScreen.storyboard */; };
		3CB8E80D2740B295002D66C0 /* LoginViewController.swift in Sources */ = {isa = PBXBuildFile; fileRef = 3CB8E80C2740B295002D66C0 /* LoginViewController.swift */; };
		3CB8E80F2740BB12002D66C0 /* RegistrationViewController.swift in Sources */ = {isa = PBXBuildFile; fileRef = 3CB8E80E2740BB12002D66C0 /* RegistrationViewController.swift */; };
		3CB8E8112740BD26002D66C0 /* GoogleService-Info.plist in Resources */ = {isa = PBXBuildFile; fileRef = 3CB8E8102740BD26002D66C0 /* GoogleService-Info.plist */; };
		3CB8E8132740DD45002D66C0 /* TaskViewController.swift in Sources */ = {isa = PBXBuildFile; fileRef = 3CB8E8122740DD45002D66C0 /* TaskViewController.swift */; };
		3CB8E81527419ECB002D66C0 /* HomeViewController.swift in Sources */ = {isa = PBXBuildFile; fileRef = 3CB8E81427419ECB002D66C0 /* HomeViewController.swift */; };
		E8078C3427430321007742DB /* CalendarViewController.swift in Sources */ = {isa = PBXBuildFile; fileRef = E8078C3327430321007742DB /* CalendarViewController.swift */; };
		E8078C3627432041007742DB /* PopoverContentController.swift in Sources */ = {isa = PBXBuildFile; fileRef = E8078C3527432041007742DB /* PopoverContentController.swift */; };
		E828D073274464820006EB75 /* PopoverDetailController.swift in Sources */ = {isa = PBXBuildFile; fileRef = E828D072274464820006EB75 /* PopoverDetailController.swift */; };
		E829A61C27594CF1004C7634 /* CustomTableViewCell.swift in Sources */ = {isa = PBXBuildFile; fileRef = E829A61B27594CF1004C7634 /* CustomTableViewCell.swift */; };
		E829A61E27594CFF004C7634 /* PopoverUsersController.swift in Sources */ = {isa = PBXBuildFile; fileRef = E829A61D27594CFF004C7634 /* PopoverUsersController.swift */; };
		E829A62027594D09004C7634 /* NetworkViewController.swift in Sources */ = {isa = PBXBuildFile; fileRef = E829A61F27594D09004C7634 /* NetworkViewController.swift */; };
		E890EFDC2756B38500E476C9 /* UserViewController.swift in Sources */ = {isa = PBXBuildFile; fileRef = E890EFDB2756B38500E476C9 /* UserViewController.swift */; };
/* End PBXBuildFile section */

/* Begin PBXFileReference section */
		1FA9CCA067CD949CC091BFD8 /* Pods-LetsGoal.release.xcconfig */ = {isa = PBXFileReference; includeInIndex = 1; lastKnownFileType = text.xcconfig; name = "Pods-LetsGoal.release.xcconfig"; path = "Target Support Files/Pods-LetsGoal/Pods-LetsGoal.release.xcconfig"; sourceTree = "<group>"; };
		3CB8E7F52740A213002D66C0 /* LetsGoal.app */ = {isa = PBXFileReference; explicitFileType = wrapper.application; includeInIndex = 0; path = LetsGoal.app; sourceTree = BUILT_PRODUCTS_DIR; };
		3CB8E7F82740A213002D66C0 /* AppDelegate.swift */ = {isa = PBXFileReference; lastKnownFileType = sourcecode.swift; path = AppDelegate.swift; sourceTree = "<group>"; };
		3CB8E7FA2740A213002D66C0 /* SceneDelegate.swift */ = {isa = PBXFileReference; lastKnownFileType = sourcecode.swift; path = SceneDelegate.swift; sourceTree = "<group>"; };
		3CB8E7FC2740A213002D66C0 /* ViewController.swift */ = {isa = PBXFileReference; lastKnownFileType = sourcecode.swift; path = ViewController.swift; sourceTree = "<group>"; };
		3CB8E7FF2740A213002D66C0 /* Base */ = {isa = PBXFileReference; lastKnownFileType = file.storyboard; name = Base; path = Base.lproj/Main.storyboard; sourceTree = "<group>"; };
		3CB8E8012740A213002D66C0 /* Assets.xcassets */ = {isa = PBXFileReference; lastKnownFileType = folder.assetcatalog; path = Assets.xcassets; sourceTree = "<group>"; };
		3CB8E8042740A213002D66C0 /* Base */ = {isa = PBXFileReference; lastKnownFileType = file.storyboard; name = Base; path = Base.lproj/LaunchScreen.storyboard; sourceTree = "<group>"; };
		3CB8E8062740A213002D66C0 /* Info.plist */ = {isa = PBXFileReference; lastKnownFileType = text.plist.xml; path = Info.plist; sourceTree = "<group>"; };
		3CB8E80C2740B295002D66C0 /* LoginViewController.swift */ = {isa = PBXFileReference; lastKnownFileType = sourcecode.swift; path = LoginViewController.swift; sourceTree = "<group>"; };
		3CB8E80E2740BB12002D66C0 /* RegistrationViewController.swift */ = {isa = PBXFileReference; lastKnownFileType = sourcecode.swift; path = RegistrationViewController.swift; sourceTree = "<group>"; };
		3CB8E8102740BD26002D66C0 /* GoogleService-Info.plist */ = {isa = PBXFileReference; fileEncoding = 4; lastKnownFileType = text.plist.xml; path = "GoogleService-Info.plist"; sourceTree = "<group>"; };
		3CB8E8122740DD45002D66C0 /* TaskViewController.swift */ = {isa = PBXFileReference; lastKnownFileType = sourcecode.swift; path = TaskViewController.swift; sourceTree = "<group>"; };
		3CB8E81427419ECB002D66C0 /* HomeViewController.swift */ = {isa = PBXFileReference; lastKnownFileType = sourcecode.swift; path = HomeViewController.swift; sourceTree = "<group>"; };
		8AA139DCC2A11C4D0851876D /* Pods_LetsGoal.framework */ = {isa = PBXFileReference; explicitFileType = wrapper.framework; includeInIndex = 0; path = Pods_LetsGoal.framework; sourceTree = BUILT_PRODUCTS_DIR; };
		BE0DA6E2F7A77EF082AEC4B1 /* Pods-LetsGoal.debug.xcconfig */ = {isa = PBXFileReference; includeInIndex = 1; lastKnownFileType = text.xcconfig; name = "Pods-LetsGoal.debug.xcconfig"; path = "Target Support Files/Pods-LetsGoal/Pods-LetsGoal.debug.xcconfig"; sourceTree = "<group>"; };
		E8078C3327430321007742DB /* CalendarViewController.swift */ = {isa = PBXFileReference; lastKnownFileType = sourcecode.swift; path = CalendarViewController.swift; sourceTree = "<group>"; };
		E8078C3527432041007742DB /* PopoverContentController.swift */ = {isa = PBXFileReference; lastKnownFileType = sourcecode.swift; path = PopoverContentController.swift; sourceTree = "<group>"; };
		E828D072274464820006EB75 /* PopoverDetailController.swift */ = {isa = PBXFileReference; lastKnownFileType = sourcecode.swift; path = PopoverDetailController.swift; sourceTree = "<group>"; };
		E829A61B27594CF1004C7634 /* CustomTableViewCell.swift */ = {isa = PBXFileReference; fileEncoding = 4; lastKnownFileType = sourcecode.swift; path = CustomTableViewCell.swift; sourceTree = "<group>"; };
		E829A61D27594CFF004C7634 /* PopoverUsersController.swift */ = {isa = PBXFileReference; fileEncoding = 4; lastKnownFileType = sourcecode.swift; path = PopoverUsersController.swift; sourceTree = "<group>"; };
		E829A61F27594D09004C7634 /* NetworkViewController.swift */ = {isa = PBXFileReference; fileEncoding = 4; lastKnownFileType = sourcecode.swift; path = NetworkViewController.swift; sourceTree = "<group>"; };
		E890EFDB2756B38500E476C9 /* UserViewController.swift */ = {isa = PBXFileReference; lastKnownFileType = sourcecode.swift; path = UserViewController.swift; sourceTree = "<group>"; };
/* End PBXFileReference section */

/* Begin PBXFrameworksBuildPhase section */
		3CB8E7F22740A213002D66C0 /* Frameworks */ = {
			isa = PBXFrameworksBuildPhase;
			buildActionMask = 2147483647;
			files = (
				1CE069B41E8232C171BE9C1D /* Pods_LetsGoal.framework in Frameworks */,
			);
			runOnlyForDeploymentPostprocessing = 0;
		};
/* End PBXFrameworksBuildPhase section */

/* Begin PBXGroup section */
		0938CB50B712CCD8F8024E57 /* Pods */ = {
			isa = PBXGroup;
			children = (
				BE0DA6E2F7A77EF082AEC4B1 /* Pods-LetsGoal.debug.xcconfig */,
				1FA9CCA067CD949CC091BFD8 /* Pods-LetsGoal.release.xcconfig */,
			);
			path = Pods;
			sourceTree = "<group>";
		};
		3CB8E7EC2740A213002D66C0 = {
			isa = PBXGroup;
			children = (
				3CB8E7F72740A213002D66C0 /* LetsGoal */,
				0938CB50B712CCD8F8024E57 /* Pods */,
				ACEDC26DF428F10BEA205E5F /* Frameworks */,
			);
			sourceTree = "<group>";
		};
		3CB8E7F62740A213002D66C0 /* Products */ = {
			isa = PBXGroup;
			children = (
				3CB8E7F52740A213002D66C0 /* LetsGoal.app */,
			);
			name = Products;
			path = ..;
			sourceTree = "<group>";
		};
		3CB8E7F72740A213002D66C0 /* LetsGoal */ = {
			isa = PBXGroup;
			children = (
				E829A61F27594D09004C7634 /* NetworkViewController.swift */,
				E829A61D27594CFF004C7634 /* PopoverUsersController.swift */,
				E829A61B27594CF1004C7634 /* CustomTableViewCell.swift */,
				3CB8E7F82740A213002D66C0 /* AppDelegate.swift */,
				3CB8E7FA2740A213002D66C0 /* SceneDelegate.swift */,
				3CB8E7FC2740A213002D66C0 /* ViewController.swift */,
				3CB8E81427419ECB002D66C0 /* HomeViewController.swift */,
				3CB8E80C2740B295002D66C0 /* LoginViewController.swift */,
				3CB8E80E2740BB12002D66C0 /* RegistrationViewController.swift */,
				3CB8E8122740DD45002D66C0 /* TaskViewController.swift */,
				E8078C3327430321007742DB /* CalendarViewController.swift */,
				E8078C3527432041007742DB /* PopoverContentController.swift */,
				E828D072274464820006EB75 /* PopoverDetailController.swift */,
				E890EFDB2756B38500E476C9 /* UserViewController.swift */,
				3CB8E7FE2740A213002D66C0 /* Main.storyboard */,
				3CB8E8012740A213002D66C0 /* Assets.xcassets */,
				3CB8E8032740A213002D66C0 /* LaunchScreen.storyboard */,
				3CB8E8062740A213002D66C0 /* Info.plist */,
				3CB8E8102740BD26002D66C0 /* GoogleService-Info.plist */,
				3CB8E7F62740A213002D66C0 /* Products */,
			);
			path = LetsGoal;
			sourceTree = "<group>";
		};
		ACEDC26DF428F10BEA205E5F /* Frameworks */ = {
			isa = PBXGroup;
			children = (
				8AA139DCC2A11C4D0851876D /* Pods_LetsGoal.framework */,
			);
			name = Frameworks;
			sourceTree = "<group>";
		};
/* End PBXGroup section */

/* Begin PBXNativeTarget section */
		3CB8E7F42740A213002D66C0 /* LetsGoal */ = {
			isa = PBXNativeTarget;
			buildConfigurationList = 3CB8E8092740A213002D66C0 /* Build configuration list for PBXNativeTarget "LetsGoal" */;
			buildPhases = (
				31F6ACFF475567D9323BDCC1 /* [CP] Check Pods Manifest.lock */,
				3CB8E7F12740A213002D66C0 /* Sources */,
				3CB8E7F22740A213002D66C0 /* Frameworks */,
				3CB8E7F32740A213002D66C0 /* Resources */,
				91A88C3ED893A211B3F9CDE7 /* [CP] Embed Pods Frameworks */,
			);
			buildRules = (
			);
			dependencies = (
			);
			name = LetsGoal;
			productName = LetsGoal;
			productReference = 3CB8E7F52740A213002D66C0 /* LetsGoal.app */;
			productType = "com.apple.product-type.application";
		};
/* End PBXNativeTarget section */

/* Begin PBXProject section */
		3CB8E7ED2740A213002D66C0 /* Project object */ = {
			isa = PBXProject;
			attributes = {
				LastSwiftUpdateCheck = 1250;
				LastUpgradeCheck = 1250;
				TargetAttributes = {
					3CB8E7F42740A213002D66C0 = {
						CreatedOnToolsVersion = 12.5;
					};
				};
			};
			buildConfigurationList = 3CB8E7F02740A213002D66C0 /* Build configuration list for PBXProject "LetsGoal" */;
			compatibilityVersion = "Xcode 9.3";
			developmentRegion = en;
			hasScannedForEncodings = 0;
			knownRegions = (
				en,
				Base,
			);
			mainGroup = 3CB8E7EC2740A213002D66C0;
			productRefGroup = 3CB8E7F62740A213002D66C0 /* Products */;
			projectDirPath = "";
			projectRoot = "";
			targets = (
				3CB8E7F42740A213002D66C0 /* LetsGoal */,
			);
		};
/* End PBXProject section */

/* Begin PBXResourcesBuildPhase section */
		3CB8E7F32740A213002D66C0 /* Resources */ = {
			isa = PBXResourcesBuildPhase;
			buildActionMask = 2147483647;
			files = (
				3CB8E8052740A213002D66C0 /* LaunchScreen.storyboard in Resources */,
				3CB8E8112740BD26002D66C0 /* GoogleService-Info.plist in Resources */,
				3CB8E8022740A213002D66C0 /* Assets.xcassets in Resources */,
				3CB8E8002740A213002D66C0 /* Main.storyboard in Resources */,
			);
			runOnlyForDeploymentPostprocessing = 0;
		};
/* End PBXResourcesBuildPhase section */

/* Begin PBXShellScriptBuildPhase section */
		31F6ACFF475567D9323BDCC1 /* [CP] Check Pods Manifest.lock */ = {
			isa = PBXShellScriptBuildPhase;
			buildActionMask = 2147483647;
			files = (
			);
			inputFileListPaths = (
			);
			inputPaths = (
				"${PODS_PODFILE_DIR_PATH}/Podfile.lock",
				"${PODS_ROOT}/Manifest.lock",
			);
			name = "[CP] Check Pods Manifest.lock";
			outputFileListPaths = (
			);
			outputPaths = (
				"$(DERIVED_FILE_DIR)/Pods-LetsGoal-checkManifestLockResult.txt",
			);
			runOnlyForDeploymentPostprocessing = 0;
			shellPath = /bin/sh;
			shellScript = "diff \"${PODS_PODFILE_DIR_PATH}/Podfile.lock\" \"${PODS_ROOT}/Manifest.lock\" > /dev/null\nif [ $? != 0 ] ; then\n    # print error to STDERR\n    echo \"error: The sandbox is not in sync with the Podfile.lock. Run 'pod install' or update your CocoaPods installation.\" >&2\n    exit 1\nfi\n# This output is used by Xcode 'outputs' to avoid re-running this script phase.\necho \"SUCCESS\" > \"${SCRIPT_OUTPUT_FILE_0}\"\n";
			showEnvVarsInLog = 0;
		};
		91A88C3ED893A211B3F9CDE7 /* [CP] Embed Pods Frameworks */ = {
			isa = PBXShellScriptBuildPhase;
			buildActionMask = 2147483647;
			files = (
			);
			inputFileListPaths = (
				"${PODS_ROOT}/Target Support Files/Pods-LetsGoal/Pods-LetsGoal-frameworks-${CONFIGURATION}-input-files.xcfilelist",
			);
			name = "[CP] Embed Pods Frameworks";
			outputFileListPaths = (
				"${PODS_ROOT}/Target Support Files/Pods-LetsGoal/Pods-LetsGoal-frameworks-${CONFIGURATION}-output-files.xcfilelist",
			);
			runOnlyForDeploymentPostprocessing = 0;
			shellPath = /bin/sh;
			shellScript = "\"${PODS_ROOT}/Target Support Files/Pods-LetsGoal/Pods-LetsGoal-frameworks.sh\"\n";
			showEnvVarsInLog = 0;
		};
/* End PBXShellScriptBuildPhase section */

/* Begin PBXSourcesBuildPhase section */
		3CB8E7F12740A213002D66C0 /* Sources */ = {
			isa = PBXSourcesBuildPhase;
			buildActionMask = 2147483647;
			files = (
				E8078C3427430321007742DB /* CalendarViewController.swift in Sources */,
				E829A61E27594CFF004C7634 /* PopoverUsersController.swift in Sources */,
				3CB8E80D2740B295002D66C0 /* LoginViewController.swift in Sources */,
				3CB8E7FD2740A213002D66C0 /* ViewController.swift in Sources */,
				E890EFDC2756B38500E476C9 /* UserViewController.swift in Sources */,
				E829A62027594D09004C7634 /* NetworkViewController.swift in Sources */,
				E8078C3627432041007742DB /* PopoverContentController.swift in Sources */,
				3CB8E7F92740A213002D66C0 /* AppDelegate.swift in Sources */,
				E829A61C27594CF1004C7634 /* CustomTableViewCell.swift in Sources */,
				3CB8E8132740DD45002D66C0 /* TaskViewController.swift in Sources */,
				E828D073274464820006EB75 /* PopoverDetailController.swift in Sources */,
				3CB8E7FB2740A213002D66C0 /* SceneDelegate.swift in Sources */,
				3CB8E81527419ECB002D66C0 /* HomeViewController.swift in Sources */,
				3CB8E80F2740BB12002D66C0 /* RegistrationViewController.swift in Sources */,
			);
			runOnlyForDeploymentPostprocessing = 0;
		};
/* End PBXSourcesBuildPhase section */

/* Begin PBXVariantGroup section */
		3CB8E7FE2740A213002D66C0 /* Main.storyboard */ = {
			isa = PBXVariantGroup;
			children = (
				3CB8E7FF2740A213002D66C0 /* Base */,
			);
			name = Main.storyboard;
			sourceTree = "<group>";
		};
		3CB8E8032740A213002D66C0 /* LaunchScreen.storyboard */ = {
			isa = PBXVariantGroup;
			children = (
				3CB8E8042740A213002D66C0 /* Base */,
			);
			name = LaunchScreen.storyboard;
			sourceTree = "<group>";
		};
/* End PBXVariantGroup section */

/* Begin XCBuildConfiguration section */
		3CB8E8072740A213002D66C0 /* Debug */ = {
			isa = XCBuildConfiguration;
			buildSettings = {
				ALWAYS_SEARCH_USER_PATHS = NO;
				CLANG_ANALYZER_NONNULL = YES;
				CLANG_ANALYZER_NUMBER_OBJECT_CONVERSION = YES_AGGRESSIVE;
				CLANG_CXX_LANGUAGE_STANDARD = "gnu++14";
				CLANG_CXX_LIBRARY = "libc++";
				CLANG_ENABLE_MODULES = YES;
				CLANG_ENABLE_OBJC_ARC = YES;
				CLANG_ENABLE_OBJC_WEAK = YES;
				CLANG_WARN_BLOCK_CAPTURE_AUTORELEASING = YES;
				CLANG_WARN_BOOL_CONVERSION = YES;
				CLANG_WARN_COMMA = YES;
				CLANG_WARN_CONSTANT_CONVERSION = YES;
				CLANG_WARN_DEPRECATED_OBJC_IMPLEMENTATIONS = YES;
				CLANG_WARN_DIRECT_OBJC_ISA_USAGE = YES_ERROR;
				CLANG_WARN_DOCUMENTATION_COMMENTS = YES;
				CLANG_WARN_EMPTY_BODY = YES;
				CLANG_WARN_ENUM_CONVERSION = YES;
				CLANG_WARN_INFINITE_RECURSION = YES;
				CLANG_WARN_INT_CONVERSION = YES;
				CLANG_WARN_NON_LITERAL_NULL_CONVERSION = YES;
				CLANG_WARN_OBJC_IMPLICIT_RETAIN_SELF = YES;
				CLANG_WARN_OBJC_LITERAL_CONVERSION = YES;
				CLANG_WARN_OBJC_ROOT_CLASS = YES_ERROR;
				CLANG_WARN_QUOTED_INCLUDE_IN_FRAMEWORK_HEADER = YES;
				CLANG_WARN_RANGE_LOOP_ANALYSIS = YES;
				CLANG_WARN_STRICT_PROTOTYPES = YES;
				CLANG_WARN_SUSPICIOUS_MOVE = YES;
				CLANG_WARN_UNGUARDED_AVAILABILITY = YES_AGGRESSIVE;
				CLANG_WARN_UNREACHABLE_CODE = YES;
				CLANG_WARN__DUPLICATE_METHOD_MATCH = YES;
				COPY_PHASE_STRIP = NO;
				DEBUG_INFORMATION_FORMAT = dwarf;
				ENABLE_STRICT_OBJC_MSGSEND = YES;
				ENABLE_TESTABILITY = YES;
				GCC_C_LANGUAGE_STANDARD = gnu11;
				GCC_DYNAMIC_NO_PIC = NO;
				GCC_NO_COMMON_BLOCKS = YES;
				GCC_OPTIMIZATION_LEVEL = 0;
				GCC_PREPROCESSOR_DEFINITIONS = (
					"DEBUG=1",
					"$(inherited)",
				);
				GCC_WARN_64_TO_32_BIT_CONVERSION = YES;
				GCC_WARN_ABOUT_RETURN_TYPE = YES_ERROR;
				GCC_WARN_UNDECLARED_SELECTOR = YES;
				GCC_WARN_UNINITIALIZED_AUTOS = YES_AGGRESSIVE;
				GCC_WARN_UNUSED_FUNCTION = YES;
				GCC_WARN_UNUSED_VARIABLE = YES;
				IPHONEOS_DEPLOYMENT_TARGET = 14.5;
				MTL_ENABLE_DEBUG_INFO = INCLUDE_SOURCE;
				MTL_FAST_MATH = YES;
				ONLY_ACTIVE_ARCH = YES;
				SDKROOT = iphoneos;
				SWIFT_ACTIVE_COMPILATION_CONDITIONS = DEBUG;
				SWIFT_OPTIMIZATION_LEVEL = "-Onone";
			};
			name = Debug;
		};
		3CB8E8082740A213002D66C0 /* Release */ = {
			isa = XCBuildConfiguration;
			buildSettings = {
				ALWAYS_SEARCH_USER_PATHS = NO;
				CLANG_ANALYZER_NONNULL = YES;
				CLANG_ANALYZER_NUMBER_OBJECT_CONVERSION = YES_AGGRESSIVE;
				CLANG_CXX_LANGUAGE_STANDARD = "gnu++14";
				CLANG_CXX_LIBRARY = "libc++";
				CLANG_ENABLE_MODULES = YES;
				CLANG_ENABLE_OBJC_ARC = YES;
				CLANG_ENABLE_OBJC_WEAK = YES;
				CLANG_WARN_BLOCK_CAPTURE_AUTORELEASING = YES;
				CLANG_WARN_BOOL_CONVERSION = YES;
				CLANG_WARN_COMMA = YES;
				CLANG_WARN_CONSTANT_CONVERSION = YES;
				CLANG_WARN_DEPRECATED_OBJC_IMPLEMENTATIONS = YES;
				CLANG_WARN_DIRECT_OBJC_ISA_USAGE = YES_ERROR;
				CLANG_WARN_DOCUMENTATION_COMMENTS = YES;
				CLANG_WARN_EMPTY_BODY = YES;
				CLANG_WARN_ENUM_CONVERSION = YES;
				CLANG_WARN_INFINITE_RECURSION = YES;
				CLANG_WARN_INT_CONVERSION = YES;
				CLANG_WARN_NON_LITERAL_NULL_CONVERSION = YES;
				CLANG_WARN_OBJC_IMPLICIT_RETAIN_SELF = YES;
				CLANG_WARN_OBJC_LITERAL_CONVERSION = YES;
				CLANG_WARN_OBJC_ROOT_CLASS = YES_ERROR;
				CLANG_WARN_QUOTED_INCLUDE_IN_FRAMEWORK_HEADER = YES;
				CLANG_WARN_RANGE_LOOP_ANALYSIS = YES;
				CLANG_WARN_STRICT_PROTOTYPES = YES;
				CLANG_WARN_SUSPICIOUS_MOVE = YES;
				CLANG_WARN_UNGUARDED_AVAILABILITY = YES_AGGRESSIVE;
				CLANG_WARN_UNREACHABLE_CODE = YES;
				CLANG_WARN__DUPLICATE_METHOD_MATCH = YES;
				COPY_PHASE_STRIP = NO;
				DEBUG_INFORMATION_FORMAT = "dwarf-with-dsym";
				ENABLE_NS_ASSERTIONS = NO;
				ENABLE_STRICT_OBJC_MSGSEND = YES;
				GCC_C_LANGUAGE_STANDARD = gnu11;
				GCC_NO_COMMON_BLOCKS = YES;
				GCC_WARN_64_TO_32_BIT_CONVERSION = YES;
				GCC_WARN_ABOUT_RETURN_TYPE = YES_ERROR;
				GCC_WARN_UNDECLARED_SELECTOR = YES;
				GCC_WARN_UNINITIALIZED_AUTOS = YES_AGGRESSIVE;
				GCC_WARN_UNUSED_FUNCTION = YES;
				GCC_WARN_UNUSED_VARIABLE = YES;
				IPHONEOS_DEPLOYMENT_TARGET = 14.5;
				MTL_ENABLE_DEBUG_INFO = NO;
				MTL_FAST_MATH = YES;
				SDKROOT = iphoneos;
				SWIFT_COMPILATION_MODE = wholemodule;
				SWIFT_OPTIMIZATION_LEVEL = "-O";
				VALIDATE_PRODUCT = YES;
			};
			name = Release;
		};
		3CB8E80A2740A213002D66C0 /* Debug */ = {
			isa = XCBuildConfiguration;
			baseConfigurationReference = BE0DA6E2F7A77EF082AEC4B1 /* Pods-LetsGoal.debug.xcconfig */;
			buildSettings = {
				ASSETCATALOG_COMPILER_APPICON_NAME = AppIcon;
				ASSETCATALOG_COMPILER_GLOBAL_ACCENT_COLOR_NAME = AccentColor;
				CODE_SIGN_STYLE = Automatic;
				INFOPLIST_FILE = LetsGoal/Info.plist;
				LD_RUNPATH_SEARCH_PATHS = (
					"$(inherited)",
					"@executable_path/Frameworks",
				);
				PRODUCT_BUNDLE_IDENTIFIER = com.wustl.LetsGoal;
				PRODUCT_NAME = "$(TARGET_NAME)";
				SWIFT_VERSION = 5.0;
				TARGETED_DEVICE_FAMILY = "1,2";
			};
			name = Debug;
		};
		3CB8E80B2740A213002D66C0 /* Release */ = {
			isa = XCBuildConfiguration;
			baseConfigurationReference = 1FA9CCA067CD949CC091BFD8 /* Pods-LetsGoal.release.xcconfig */;
			buildSettings = {
				ASSETCATALOG_COMPILER_APPICON_NAME = AppIcon;
				ASSETCATALOG_COMPILER_GLOBAL_ACCENT_COLOR_NAME = AccentColor;
				CODE_SIGN_STYLE = Automatic;
				INFOPLIST_FILE = LetsGoal/Info.plist;
				LD_RUNPATH_SEARCH_PATHS = (
					"$(inherited)",
					"@executable_path/Frameworks",
				);
				PRODUCT_BUNDLE_IDENTIFIER = com.wustl.LetsGoal;
				PRODUCT_NAME = "$(TARGET_NAME)";
				SWIFT_VERSION = 5.0;
				TARGETED_DEVICE_FAMILY = "1,2";
			};
			name = Release;
		};
/* End XCBuildConfiguration section */

/* Begin XCConfigurationList section */
		3CB8E7F02740A213002D66C0 /* Build configuration list for PBXProject "LetsGoal" */ = {
			isa = XCConfigurationList;
			buildConfigurations = (
				3CB8E8072740A213002D66C0 /* Debug */,
				3CB8E8082740A213002D66C0 /* Release */,
			);
			defaultConfigurationIsVisible = 0;
			defaultConfigurationName = Release;
		};
		3CB8E8092740A213002D66C0 /* Build configuration list for PBXNativeTarget "LetsGoal" */ = {
			isa = XCConfigurationList;
			buildConfigurations = (
				3CB8E80A2740A213002D66C0 /* Debug */,
				3CB8E80B2740A213002D66C0 /* Release */,
			);
			defaultConfigurationIsVisible = 0;
			defaultConfigurationName = Release;
		};
/* End XCConfigurationList section */
	};
	rootObject = 3CB8E7ED2740A213002D66C0 /* Project object */;
}
